
Microsoft Visual Studio Solution File, Format Version 12.00
# Visual Studio Version 17
VisualStudioVersion = 17.0.31825.309
MinimumVisualStudioVersion = 10.0.40219.1
Project("{FAE04EC0-301F-11D3-BF4B-00C04F79EFBC}") = "TRMDataManager", "TRMDataManager\TRMDataManager.csproj", "{FA33195E-E2C6-4A24-B860-61548F0E760B}"
EndProject
Project("{00D1A9C2-B5F0-4AF3-8072-F6C62B433612}") = "TRMData", "TRMData\TRMData.sqlproj", "{E13DCC0F-6D3E-464D-966C-58FB359B4997}"
EndProject
Project("{FAE04EC0-301F-11D3-BF4B-00C04F79EFBC}") = "TRMDesktopUI", "TRMDesktopUI\TRMDesktopUI.csproj", "{3A251E58-EB2F-4225-ACDF-53AE789EF173}"
EndProject
Global
	GlobalSection(SolutionConfigurationPlatforms) = preSolution
		Debug|Any CPU = Debug|Any CPU
		Release|Any CPU = Release|Any CPU
	EndGlobalSection
	GlobalSection(ProjectConfigurationPlatforms) = postSolution
		{FA33195E-E2C6-4A24-B860-61548F0E760B}.Debug|Any CPU.ActiveCfg = Debug|Any CPU
		{FA33195E-E2C6-4A24-B860-61548F0E760B}.Debug|Any CPU.Build.0 = Debug|Any CPU
		{FA33195E-E2C6-4A24-B860-61548F0E760B}.Release|Any CPU.ActiveCfg = Release|Any CPU
		{FA33195E-E2C6-4A24-B860-61548F0E760B}.Release|Any CPU.Build.0 = Release|Any CPU
		{E13DCC0F-6D3E-464D-966C-58FB359B4997}.Debug|Any CPU.ActiveCfg = Debug|Any CPU
		{E13DCC0F-6D3E-464D-966C-58FB359B4997}.Debug|Any CPU.Build.0 = Debug|Any CPU
		{E13DCC0F-6D3E-464D-966C-58FB359B4997}.Debug|Any CPU.Deploy.0 = Debug|Any CPU
		{E13DCC0F-6D3E-464D-966C-58FB359B4997}.Release|Any CPU.ActiveCfg = Release|Any CPU
		{E13DCC0F-6D3E-464D-966C-58FB359B4997}.Release|Any CPU.Build.0 = Release|Any CPU
		{E13DCC0F-6D3E-464D-966C-58FB359B4997}.Release|Any CPU.Deploy.0 = Release|Any CPU
		{3A251E58-EB2F-4225-ACDF-53AE789EF173}.Debug|Any CPU.ActiveCfg = Debug|Any CPU
		{3A251E58-EB2F-4225-ACDF-53AE789EF173}.Debug|Any CPU.Build.0 = Debug|Any CPU
		{3A251E58-EB2F-4225-ACDF-53AE789EF173}.Release|Any CPU.ActiveCfg = Release|Any CPU
		{3A251E58-EB2F-4225-ACDF-53AE789EF173}.Release|Any CPU.Build.0 = Release|Any CPU
	EndGlobalSection
	GlobalSection(SolutionProperties) = preSolution
		HideSolutionNode = FALSE
	EndGlobalSection
	GlobalSection(ExtensibilityGlobals) = postSolution
		SolutionGuid = {CD16ECB1-0E09-4BDF-A3CE-344BC84C12B5}
	EndGlobalSection
EndGlobal
